// !$*UTF8*$!
{
	archiveVersion = 1;
	classes = {
	};
	objectVersion = 51;
	objects = {

/* Begin PBXBuildFile section */
		CB1BC92FF5B5700BD29B5512 /* Pods_NestsDemo.framework in Frameworks */ = {isa = PBXBuildFile; fileRef = 463C0EA89803490B0AF1DC93 /* Pods_NestsDemo.framework */; };
		DCBEBA2C230D2FEC00A119CE /* AppDelegate.swift in Sources */ = {isa = PBXBuildFile; fileRef = DCBEBA2B230D2FEC00A119CE /* AppDelegate.swift */; };
		DCBEBA2E230D2FEC00A119CE /* ViewController.swift in Sources */ = {isa = PBXBuildFile; fileRef = DCBEBA2D230D2FEC00A119CE /* ViewController.swift */; };
		DCBEBA33230D2FED00A119CE /* Assets.xcassets in Resources */ = {isa = PBXBuildFile; fileRef = DCBEBA32230D2FED00A119CE /* Assets.xcassets */; };
		DCBEBA46230D30CC00A119CE /* BaseViewController.swift in Sources */ = {isa = PBXBuildFile; fileRef = DCBEBA3B230D30CB00A119CE /* BaseViewController.swift */; };
		DCBEBA47230D30CC00A119CE /* HttpTableViewController.swift in Sources */ = {isa = PBXBuildFile; fileRef = DCBEBA3C230D30CC00A119CE /* HttpTableViewController.swift */; };
		DCBEBA48230D30CC00A119CE /* RefreshViewAnimator.swift in Sources */ = {isa = PBXBuildFile; fileRef = DCBEBA3D230D30CC00A119CE /* RefreshViewAnimator.swift */; };
		DCBEBA49230D30CC00A119CE /* loading.json in Resources */ = {isa = PBXBuildFile; fileRef = DCBEBA3F230D30CC00A119CE /* loading.json */; };
		DCBEBA4A230D30CC00A119CE /* img_1.png in Resources */ = {isa = PBXBuildFile; fileRef = DCBEBA41230D30CC00A119CE /* img_1.png */; };
		DCBEBA4B230D30CC00A119CE /* img_0.png in Resources */ = {isa = PBXBuildFile; fileRef = DCBEBA42230D30CC00A119CE /* img_0.png */; };
		DCBEBA4C230D30CC00A119CE /* img_2.png in Resources */ = {isa = PBXBuildFile; fileRef = DCBEBA43230D30CC00A119CE /* img_2.png */; };
		DCBEBA4D230D30CC00A119CE /* img_3.png in Resources */ = {isa = PBXBuildFile; fileRef = DCBEBA44230D30CC00A119CE /* img_3.png */; };
		DCBEBA4E230D30CC00A119CE /* img_4.png in Resources */ = {isa = PBXBuildFile; fileRef = DCBEBA45230D30CC00A119CE /* img_4.png */; };
		DCBEBA72230D56E100A119CE /* NModel.swift in Sources */ = {isa = PBXBuildFile; fileRef = DCBEBA70230D56E100A119CE /* NModel.swift */; };
		DCBEBA73230D56E100A119CE /* NEntityCodable.swift in Sources */ = {isa = PBXBuildFile; fileRef = DCBEBA71230D56E100A119CE /* NEntityCodable.swift */; };
		DCBEBA79230D56EF00A119CE /* UIScorllViewExtention.swift in Sources */ = {isa = PBXBuildFile; fileRef = DCBEBA75230D56EF00A119CE /* UIScorllViewExtention.swift */; };
		DCBEBA7A230D56EF00A119CE /* NRefreshView.swift in Sources */ = {isa = PBXBuildFile; fileRef = DCBEBA76230D56EF00A119CE /* NRefreshView.swift */; };
		DCBEBA7B230D56EF00A119CE /* NRefreshProtocol.swift in Sources */ = {isa = PBXBuildFile; fileRef = DCBEBA77230D56EF00A119CE /* NRefreshProtocol.swift */; };
		DCBEBA7C230D56EF00A119CE /* NRfreshViewAnimator.swift in Sources */ = {isa = PBXBuildFile; fileRef = DCBEBA78230D56EF00A119CE /* NRfreshViewAnimator.swift */; };
		DCBEBA80230D571600A119CE /* NCacheManager.swift in Sources */ = {isa = PBXBuildFile; fileRef = DCBEBA7E230D571600A119CE /* NCacheManager.swift */; };
		DCBEBA81230D571600A119CE /* NHttpManager.swift in Sources */ = {isa = PBXBuildFile; fileRef = DCBEBA7F230D571600A119CE /* NHttpManager.swift */; };
		EC73B54221AE714100A2F47B /* UIViewFrameExtension.swift in Sources */ = {isa = PBXBuildFile; fileRef = EC73B54121AE714100A2F47B /* UIViewFrameExtension.swift */; };
		EC7963B6813D7CAA8F2F0829 /* Pods_Nests.framework in Frameworks */ = {isa = PBXBuildFile; fileRef = 75960BB9241D99B33B2BD393 /* Pods_Nests.framework */; };
		ECB1789421ABC45F006CBDB6 /* NNest.swift in Sources */ = {isa = PBXBuildFile; fileRef = ECB1789321ABC45F006CBDB6 /* NNest.swift */; };
		ECFEE8B821953A2E00D8B346 /* Nests.h in Headers */ = {isa = PBXBuildFile; fileRef = ECFEE8B621953A2E00D8B346 /* Nests.h */; settings = {ATTRIBUTES = (Public, ); }; };
/* End PBXBuildFile section */

/* Begin PBXFileReference section */
		1171CBF17794F92825DEB0AC /* Pods-NestsDemo.debug.xcconfig */ = {isa = PBXFileReference; includeInIndex = 1; lastKnownFileType = text.xcconfig; name = "Pods-NestsDemo.debug.xcconfig"; path = "Target Support Files/Pods-NestsDemo/Pods-NestsDemo.debug.xcconfig"; sourceTree = "<group>"; };
		463C0EA89803490B0AF1DC93 /* Pods_NestsDemo.framework */ = {isa = PBXFileReference; explicitFileType = wrapper.framework; includeInIndex = 0; path = Pods_NestsDemo.framework; sourceTree = BUILT_PRODUCTS_DIR; };
		75960BB9241D99B33B2BD393 /* Pods_Nests.framework */ = {isa = PBXFileReference; explicitFileType = wrapper.framework; includeInIndex = 0; path = Pods_Nests.framework; sourceTree = BUILT_PRODUCTS_DIR; };
		7620A5803C3C54F8C239A031 /* Pods-NestsDemo.release.xcconfig */ = {isa = PBXFileReference; includeInIndex = 1; lastKnownFileType = text.xcconfig; name = "Pods-NestsDemo.release.xcconfig"; path = "Target Support Files/Pods-NestsDemo/Pods-NestsDemo.release.xcconfig"; sourceTree = "<group>"; };
		AAFC694BBFB32BF8D40F424C /* Pods-Nests.release.xcconfig */ = {isa = PBXFileReference; includeInIndex = 1; lastKnownFileType = text.xcconfig; name = "Pods-Nests.release.xcconfig"; path = "Target Support Files/Pods-Nests/Pods-Nests.release.xcconfig"; sourceTree = "<group>"; };
		D59B95DEEE45207E9B1C04DF /* Pods-Nests.debug.xcconfig */ = {isa = PBXFileReference; includeInIndex = 1; lastKnownFileType = text.xcconfig; name = "Pods-Nests.debug.xcconfig"; path = "Target Support Files/Pods-Nests/Pods-Nests.debug.xcconfig"; sourceTree = "<group>"; };
		DCBEBA29230D2FEC00A119CE /* NestsDemo.app */ = {isa = PBXFileReference; explicitFileType = wrapper.application; includeInIndex = 0; path = NestsDemo.app; sourceTree = BUILT_PRODUCTS_DIR; };
		DCBEBA2B230D2FEC00A119CE /* AppDelegate.swift */ = {isa = PBXFileReference; lastKnownFileType = sourcecode.swift; path = AppDelegate.swift; sourceTree = "<group>"; };
		DCBEBA2D230D2FEC00A119CE /* ViewController.swift */ = {isa = PBXFileReference; lastKnownFileType = sourcecode.swift; path = ViewController.swift; sourceTree = "<group>"; };
		DCBEBA32230D2FED00A119CE /* Assets.xcassets */ = {isa = PBXFileReference; lastKnownFileType = folder.assetcatalog; path = Assets.xcassets; sourceTree = "<group>"; };
		DCBEBA37230D2FED00A119CE /* Info.plist */ = {isa = PBXFileReference; lastKnownFileType = text.plist.xml; path = Info.plist; sourceTree = "<group>"; };
		DCBEBA3B230D30CB00A119CE /* BaseViewController.swift */ = {isa = PBXFileReference; fileEncoding = 4; lastKnownFileType = sourcecode.swift; path = BaseViewController.swift; sourceTree = "<group>"; };
		DCBEBA3C230D30CC00A119CE /* HttpTableViewController.swift */ = {isa = PBXFileReference; fileEncoding = 4; lastKnownFileType = sourcecode.swift; path = HttpTableViewController.swift; sourceTree = "<group>"; };
		DCBEBA3D230D30CC00A119CE /* RefreshViewAnimator.swift */ = {isa = PBXFileReference; fileEncoding = 4; lastKnownFileType = sourcecode.swift; path = RefreshViewAnimator.swift; sourceTree = "<group>"; };
		DCBEBA3F230D30CC00A119CE /* loading.json */ = {isa = PBXFileReference; fileEncoding = 4; lastKnownFileType = text.json; path = loading.json; sourceTree = "<group>"; };
		DCBEBA41230D30CC00A119CE /* img_1.png */ = {isa = PBXFileReference; lastKnownFileType = image.png; path = img_1.png; sourceTree = "<group>"; };
		DCBEBA42230D30CC00A119CE /* img_0.png */ = {isa = PBXFileReference; lastKnownFileType = image.png; path = img_0.png; sourceTree = "<group>"; };
		DCBEBA43230D30CC00A119CE /* img_2.png */ = {isa = PBXFileReference; lastKnownFileType = image.png; path = img_2.png; sourceTree = "<group>"; };
		DCBEBA44230D30CC00A119CE /* img_3.png */ = {isa = PBXFileReference; lastKnownFileType = image.png; path = img_3.png; sourceTree = "<group>"; };
		DCBEBA45230D30CC00A119CE /* img_4.png */ = {isa = PBXFileReference; lastKnownFileType = image.png; path = img_4.png; sourceTree = "<group>"; };
		DCBEBA4F230D32B500A119CE /* Alamofire.framework */ = {isa = PBXFileReference; explicitFileType = wrapper.framework; path = Alamofire.framework; sourceTree = BUILT_PRODUCTS_DIR; };
		DCBEBA59230D341500A119CE /* Alamofire.framework */ = {isa = PBXFileReference; explicitFileType = wrapper.framework; path = Alamofire.framework; sourceTree = BUILT_PRODUCTS_DIR; };
		DCBEBA5B230D341900A119CE /* SQLite.framework */ = {isa = PBXFileReference; explicitFileType = wrapper.framework; path = SQLite.framework; sourceTree = BUILT_PRODUCTS_DIR; };
		DCBEBA70230D56E100A119CE /* NModel.swift */ = {isa = PBXFileReference; fileEncoding = 4; lastKnownFileType = sourcecode.swift; path = NModel.swift; sourceTree = "<group>"; };
		DCBEBA71230D56E100A119CE /* NEntityCodable.swift */ = {isa = PBXFileReference; fileEncoding = 4; lastKnownFileType = sourcecode.swift; path = NEntityCodable.swift; sourceTree = "<group>"; };
		DCBEBA75230D56EF00A119CE /* UIScorllViewExtention.swift */ = {isa = PBXFileReference; fileEncoding = 4; lastKnownFileType = sourcecode.swift; path = UIScorllViewExtention.swift; sourceTree = "<group>"; };
		DCBEBA76230D56EF00A119CE /* NRefreshView.swift */ = {isa = PBXFileReference; fileEncoding = 4; lastKnownFileType = sourcecode.swift; path = NRefreshView.swift; sourceTree = "<group>"; };
		DCBEBA77230D56EF00A119CE /* NRefreshProtocol.swift */ = {isa = PBXFileReference; fileEncoding = 4; lastKnownFileType = sourcecode.swift; path = NRefreshProtocol.swift; sourceTree = "<group>"; };
		DCBEBA78230D56EF00A119CE /* NRfreshViewAnimator.swift */ = {isa = PBXFileReference; fileEncoding = 4; lastKnownFileType = sourcecode.swift; path = NRfreshViewAnimator.swift; sourceTree = "<group>"; };
		DCBEBA7E230D571600A119CE /* NCacheManager.swift */ = {isa = PBXFileReference; fileEncoding = 4; lastKnownFileType = sourcecode.swift; path = NCacheManager.swift; sourceTree = "<group>"; };
		DCBEBA7F230D571600A119CE /* NHttpManager.swift */ = {isa = PBXFileReference; fileEncoding = 4; lastKnownFileType = sourcecode.swift; path = NHttpManager.swift; sourceTree = "<group>"; };
		EC73B54121AE714100A2F47B /* UIViewFrameExtension.swift */ = {isa = PBXFileReference; lastKnownFileType = sourcecode.swift; path = UIViewFrameExtension.swift; sourceTree = "<group>"; };
		ECB1789321ABC45F006CBDB6 /* NNest.swift */ = {isa = PBXFileReference; lastKnownFileType = sourcecode.swift; path = NNest.swift; sourceTree = "<group>"; };
		ECFEE8B321953A2E00D8B346 /* Nests.framework */ = {isa = PBXFileReference; explicitFileType = wrapper.framework; includeInIndex = 0; path = Nests.framework; sourceTree = BUILT_PRODUCTS_DIR; };
		ECFEE8B621953A2E00D8B346 /* Nests.h */ = {isa = PBXFileReference; lastKnownFileType = sourcecode.c.h; path = Nests.h; sourceTree = "<group>"; };
		ECFEE8B721953A2E00D8B346 /* Info.plist */ = {isa = PBXFileReference; lastKnownFileType = text.plist.xml; path = Info.plist; sourceTree = "<group>"; };
/* End PBXFileReference section */

/* Begin PBXFrameworksBuildPhase section */
		DCBEBA26230D2FEC00A119CE /* Frameworks */ = {
			isa = PBXFrameworksBuildPhase;
			buildActionMask = 2147483647;
			files = (
				CB1BC92FF5B5700BD29B5512 /* Pods_NestsDemo.framework in Frameworks */,
			);
			runOnlyForDeploymentPostprocessing = 0;
		};
		ECFEE8B021953A2E00D8B346 /* Frameworks */ = {
			isa = PBXFrameworksBuildPhase;
			buildActionMask = 2147483647;
			files = (
				EC7963B6813D7CAA8F2F0829 /* Pods_Nests.framework in Frameworks */,
			);
			runOnlyForDeploymentPostprocessing = 0;
		};
/* End PBXFrameworksBuildPhase section */

/* Begin PBXGroup section */
		1D50D379400B9D80A7EF8CB3 /* Frameworks */ = {
			isa = PBXGroup;
			children = (
				DCBEBA5B230D341900A119CE /* SQLite.framework */,
				DCBEBA59230D341500A119CE /* Alamofire.framework */,
				DCBEBA4F230D32B500A119CE /* Alamofire.framework */,
				75960BB9241D99B33B2BD393 /* Pods_Nests.framework */,
				463C0EA89803490B0AF1DC93 /* Pods_NestsDemo.framework */,
			);
			name = Frameworks;
			sourceTree = "<group>";
		};
		99586D2AA232C2BB09DA5824 /* Pods */ = {
			isa = PBXGroup;
			children = (
				D59B95DEEE45207E9B1C04DF /* Pods-Nests.debug.xcconfig */,
				AAFC694BBFB32BF8D40F424C /* Pods-Nests.release.xcconfig */,
				1171CBF17794F92825DEB0AC /* Pods-NestsDemo.debug.xcconfig */,
				7620A5803C3C54F8C239A031 /* Pods-NestsDemo.release.xcconfig */,
			);
			path = Pods;
			sourceTree = "<group>";
		};
		DCBEBA2A230D2FEC00A119CE /* NestsDemo */ = {
			isa = PBXGroup;
			children = (
				DCBEBA3B230D30CB00A119CE /* BaseViewController.swift */,
				DCBEBA3C230D30CC00A119CE /* HttpTableViewController.swift */,
				DCBEBA3D230D30CC00A119CE /* RefreshViewAnimator.swift */,
				DCBEBA3E230D30CC00A119CE /* Resources */,
				DCBEBA2B230D2FEC00A119CE /* AppDelegate.swift */,
				DCBEBA2D230D2FEC00A119CE /* ViewController.swift */,
				DCBEBA32230D2FED00A119CE /* Assets.xcassets */,
				DCBEBA37230D2FED00A119CE /* Info.plist */,
			);
			path = NestsDemo;
			sourceTree = "<group>";
		};
		DCBEBA3E230D30CC00A119CE /* Resources */ = {
			isa = PBXGroup;
			children = (
				DCBEBA3F230D30CC00A119CE /* loading.json */,
				DCBEBA40230D30CC00A119CE /* images */,
			);
			path = Resources;
			sourceTree = "<group>";
		};
		DCBEBA40230D30CC00A119CE /* images */ = {
			isa = PBXGroup;
			children = (
				DCBEBA41230D30CC00A119CE /* img_1.png */,
				DCBEBA42230D30CC00A119CE /* img_0.png */,
				DCBEBA43230D30CC00A119CE /* img_2.png */,
				DCBEBA44230D30CC00A119CE /* img_3.png */,
				DCBEBA45230D30CC00A119CE /* img_4.png */,
			);
			path = images;
			sourceTree = "<group>";
		};
		DCBEBA6F230D56E100A119CE /* Model */ = {
			isa = PBXGroup;
			children = (
				DCBEBA70230D56E100A119CE /* NModel.swift */,
				DCBEBA71230D56E100A119CE /* NEntityCodable.swift */,
			);
			path = Model;
			sourceTree = "<group>";
		};
		DCBEBA74230D56EF00A119CE /* UIScrollView+refresh */ = {
			isa = PBXGroup;
			children = (
				DCBEBA75230D56EF00A119CE /* UIScorllViewExtention.swift */,
				DCBEBA76230D56EF00A119CE /* NRefreshView.swift */,
				DCBEBA77230D56EF00A119CE /* NRefreshProtocol.swift */,
				DCBEBA78230D56EF00A119CE /* NRfreshViewAnimator.swift */,
			);
			path = "UIScrollView+refresh";
			sourceTree = "<group>";
		};
		DCBEBA7D230D571600A119CE /* Network */ = {
			isa = PBXGroup;
			children = (
				DCBEBA7E230D571600A119CE /* NCacheManager.swift */,
			);
			path = Network;
			sourceTree = "<group>";
		};
		DCBEBA82230D590000A119CE /* Manager */ = {
			isa = PBXGroup;
			children = (
				DCBEBA7F230D571600A119CE /* NHttpManager.swift */,
			);
			path = Manager;
			sourceTree = "<group>";
		};
		ECB1788F21ABC3D0006CBDB6 /* Extensions */ = {
			isa = PBXGroup;
			children = (
				DCBEBA74230D56EF00A119CE /* UIScrollView+refresh */,
				EC73B54121AE714100A2F47B /* UIViewFrameExtension.swift */,
			);
			path = Extensions;
			sourceTree = "<group>";
		};
		ECFEE8A921953A2E00D8B346 = {
			isa = PBXGroup;
			children = (
				ECFEE8B521953A2E00D8B346 /* Nests */,
				DCBEBA2A230D2FEC00A119CE /* NestsDemo */,
				ECFEE8B421953A2E00D8B346 /* Products */,
				99586D2AA232C2BB09DA5824 /* Pods */,
				1D50D379400B9D80A7EF8CB3 /* Frameworks */,
			);
			sourceTree = "<group>";
		};
		ECFEE8B421953A2E00D8B346 /* Products */ = {
			isa = PBXGroup;
			children = (
				ECFEE8B321953A2E00D8B346 /* Nests.framework */,
				DCBEBA29230D2FEC00A119CE /* NestsDemo.app */,
			);
			name = Products;
			sourceTree = "<group>";
		};
		ECFEE8B521953A2E00D8B346 /* Nests */ = {
			isa = PBXGroup;
			children = (
				ECFEE8B721953A2E00D8B346 /* Info.plist */,
				ECFEE8B621953A2E00D8B346 /* Nests.h */,
				ECB1789321ABC45F006CBDB6 /* NNest.swift */,
				DCBEBA82230D590000A119CE /* Manager */,
				ECB1788F21ABC3D0006CBDB6 /* Extensions */,
				DCBEBA6F230D56E100A119CE /* Model */,
				DCBEBA7D230D571600A119CE /* Network */,
			);
			path = Nests;
			sourceTree = "<group>";
		};
/* End PBXGroup section */

/* Begin PBXHeadersBuildPhase section */
		ECFEE8AE21953A2E00D8B346 /* Headers */ = {
			isa = PBXHeadersBuildPhase;
			buildActionMask = 2147483647;
			files = (
				ECFEE8B821953A2E00D8B346 /* Nests.h in Headers */,
			);
			runOnlyForDeploymentPostprocessing = 0;
		};
/* End PBXHeadersBuildPhase section */

/* Begin PBXNativeTarget section */
		DCBEBA28230D2FEC00A119CE /* NestsDemo */ = {
			isa = PBXNativeTarget;
			buildConfigurationList = DCBEBA3A230D2FED00A119CE /* Build configuration list for PBXNativeTarget "NestsDemo" */;
			buildPhases = (
				25B73F35AC5B78F99C13E1F5 /* [CP] Check Pods Manifest.lock */,
				DCBEBA25230D2FEC00A119CE /* Sources */,
				DCBEBA26230D2FEC00A119CE /* Frameworks */,
				DCBEBA27230D2FEC00A119CE /* Resources */,
				B892722AA6F3AA6E3E7CB4C4 /* [CP] Embed Pods Frameworks */,
			);
			buildRules = (
			);
			dependencies = (
			);
			name = NestsDemo;
			productName = NestsDemo;
			productReference = DCBEBA29230D2FEC00A119CE /* NestsDemo.app */;
			productType = "com.apple.product-type.application";
		};
		ECFEE8B221953A2E00D8B346 /* Nests */ = {
			isa = PBXNativeTarget;
			buildConfigurationList = ECFEE8BB21953A2E00D8B346 /* Build configuration list for PBXNativeTarget "Nests" */;
			buildPhases = (
				36F3F0EBD1C8D42B52D555DF /* [CP] Check Pods Manifest.lock */,
				ECFEE8AE21953A2E00D8B346 /* Headers */,
				ECFEE8AF21953A2E00D8B346 /* Sources */,
				ECFEE8B021953A2E00D8B346 /* Frameworks */,
				ECFEE8B121953A2E00D8B346 /* Resources */,
			);
			buildRules = (
			);
			dependencies = (
			);
			name = Nests;
			productName = Nests;
			productReference = ECFEE8B321953A2E00D8B346 /* Nests.framework */;
			productType = "com.apple.product-type.framework";
		};
/* End PBXNativeTarget section */

/* Begin PBXProject section */
		ECFEE8AA21953A2E00D8B346 /* Project object */ = {
			isa = PBXProject;
			attributes = {
				LastSwiftUpdateCheck = 1030;
				LastUpgradeCheck = 1010;
				ORGANIZATIONNAME = TaiHao;
				TargetAttributes = {
					DCBEBA28230D2FEC00A119CE = {
						CreatedOnToolsVersion = 10.3;
					};
					ECFEE8B221953A2E00D8B346 = {
						CreatedOnToolsVersion = 10.1;
						LastSwiftMigration = 1010;
					};
				};
			};
			buildConfigurationList = ECFEE8AD21953A2E00D8B346 /* Build configuration list for PBXProject "Nests" */;
			compatibilityVersion = "Xcode 9.3";
			developmentRegion = en;
			hasScannedForEncodings = 0;
			knownRegions = (
				en,
				Base,
			);
			mainGroup = ECFEE8A921953A2E00D8B346;
			productRefGroup = ECFEE8B421953A2E00D8B346 /* Products */;
			projectDirPath = "";
			projectRoot = "";
			targets = (
				ECFEE8B221953A2E00D8B346 /* Nests */,
				DCBEBA28230D2FEC00A119CE /* NestsDemo */,
			);
		};
/* End PBXProject section */

/* Begin PBXResourcesBuildPhase section */
		DCBEBA27230D2FEC00A119CE /* Resources */ = {
			isa = PBXResourcesBuildPhase;
			buildActionMask = 2147483647;
			files = (
				DCBEBA33230D2FED00A119CE /* Assets.xcassets in Resources */,
				DCBEBA4B230D30CC00A119CE /* img_0.png in Resources */,
				DCBEBA4D230D30CC00A119CE /* img_3.png in Resources */,
				DCBEBA49230D30CC00A119CE /* loading.json in Resources */,
				DCBEBA4C230D30CC00A119CE /* img_2.png in Resources */,
				DCBEBA4A230D30CC00A119CE /* img_1.png in Resources */,
				DCBEBA4E230D30CC00A119CE /* img_4.png in Resources */,
			);
			runOnlyForDeploymentPostprocessing = 0;
		};
		ECFEE8B121953A2E00D8B346 /* Resources */ = {
			isa = PBXResourcesBuildPhase;
			buildActionMask = 2147483647;
			files = (
			);
			runOnlyForDeploymentPostprocessing = 0;
		};
/* End PBXResourcesBuildPhase section */

/* Begin PBXShellScriptBuildPhase section */
		25B73F35AC5B78F99C13E1F5 /* [CP] Check Pods Manifest.lock */ = {
			isa = PBXShellScriptBuildPhase;
			buildActionMask = 2147483647;
			files = (
			);
			inputFileListPaths = (
			);
			inputPaths = (
				"${PODS_PODFILE_DIR_PATH}/Podfile.lock",
				"${PODS_ROOT}/Manifest.lock",
			);
			name = "[CP] Check Pods Manifest.lock";
			outputFileListPaths = (
			);
			outputPaths = (
				"$(DERIVED_FILE_DIR)/Pods-NestsDemo-checkManifestLockResult.txt",
			);
			runOnlyForDeploymentPostprocessing = 0;
			shellPath = /bin/sh;
			shellScript = "diff \"${PODS_PODFILE_DIR_PATH}/Podfile.lock\" \"${PODS_ROOT}/Manifest.lock\" > /dev/null\nif [ $? != 0 ] ; then\n    # print error to STDERR\n    echo \"error: The sandbox is not in sync with the Podfile.lock. Run 'pod install' or update your CocoaPods installation.\" >&2\n    exit 1\nfi\n# This output is used by Xcode 'outputs' to avoid re-running this script phase.\necho \"SUCCESS\" > \"${SCRIPT_OUTPUT_FILE_0}\"\n";
			showEnvVarsInLog = 0;
		};
		36F3F0EBD1C8D42B52D555DF /* [CP] Check Pods Manifest.lock */ = {
			isa = PBXShellScriptBuildPhase;
			buildActionMask = 2147483647;
			files = (
			);
			inputFileListPaths = (
			);
			inputPaths = (
				"${PODS_PODFILE_DIR_PATH}/Podfile.lock",
				"${PODS_ROOT}/Manifest.lock",
			);
			name = "[CP] Check Pods Manifest.lock";
			outputFileListPaths = (
			);
			outputPaths = (
				"$(DERIVED_FILE_DIR)/Pods-Nests-checkManifestLockResult.txt",
			);
			runOnlyForDeploymentPostprocessing = 0;
			shellPath = /bin/sh;
			shellScript = "diff \"${PODS_PODFILE_DIR_PATH}/Podfile.lock\" \"${PODS_ROOT}/Manifest.lock\" > /dev/null\nif [ $? != 0 ] ; then\n    # print error to STDERR\n    echo \"error: The sandbox is not in sync with the Podfile.lock. Run 'pod install' or update your CocoaPods installation.\" >&2\n    exit 1\nfi\n# This output is used by Xcode 'outputs' to avoid re-running this script phase.\necho \"SUCCESS\" > \"${SCRIPT_OUTPUT_FILE_0}\"\n";
			showEnvVarsInLog = 0;
		};
		B892722AA6F3AA6E3E7CB4C4 /* [CP] Embed Pods Frameworks */ = {
			isa = PBXShellScriptBuildPhase;
			buildActionMask = 2147483647;
			files = (
			);
			inputFileListPaths = (
				"${PODS_ROOT}/Target Support Files/Pods-NestsDemo/Pods-NestsDemo-frameworks-${CONFIGURATION}-input-files.xcfilelist",
			);
			name = "[CP] Embed Pods Frameworks";
			outputFileListPaths = (
				"${PODS_ROOT}/Target Support Files/Pods-NestsDemo/Pods-NestsDemo-frameworks-${CONFIGURATION}-output-files.xcfilelist",
			);
			runOnlyForDeploymentPostprocessing = 0;
			shellPath = /bin/sh;
			shellScript = "\"${PODS_ROOT}/Target Support Files/Pods-NestsDemo/Pods-NestsDemo-frameworks.sh\"\n";
			showEnvVarsInLog = 0;
		};
/* End PBXShellScriptBuildPhase section */

/* Begin PBXSourcesBuildPhase section */
		DCBEBA25230D2FEC00A119CE /* Sources */ = {
			isa = PBXSourcesBuildPhase;
			buildActionMask = 2147483647;
			files = (
				DCBEBA2E230D2FEC00A119CE /* ViewController.swift in Sources */,
				DCBEBA48230D30CC00A119CE /* RefreshViewAnimator.swift in Sources */,
				DCBEBA2C230D2FEC00A119CE /* AppDelegate.swift in Sources */,
				DCBEBA46230D30CC00A119CE /* BaseViewController.swift in Sources */,
				DCBEBA47230D30CC00A119CE /* HttpTableViewController.swift in Sources */,
			);
			runOnlyForDeploymentPostprocessing = 0;
		};
		ECFEE8AF21953A2E00D8B346 /* Sources */ = {
			isa = PBXSourcesBuildPhase;
			buildActionMask = 2147483647;
			files = (
				DCBEBA81230D571600A119CE /* NHttpManager.swift in Sources */,
				DCBEBA80230D571600A119CE /* NCacheManager.swift in Sources */,
				DCBEBA73230D56E100A119CE /* NEntityCodable.swift in Sources */,
				DCBEBA79230D56EF00A119CE /* UIScorllViewExtention.swift in Sources */,
				EC73B54221AE714100A2F47B /* UIViewFrameExtension.swift in Sources */,
				DCBEBA7C230D56EF00A119CE /* NRfreshViewAnimator.swift in Sources */,
				DCBEBA7B230D56EF00A119CE /* NRefreshProtocol.swift in Sources */,
				ECB1789421ABC45F006CBDB6 /* NNest.swift in Sources */,
				DCBEBA7A230D56EF00A119CE /* NRefreshView.swift in Sources */,
				DCBEBA72230D56E100A119CE /* NModel.swift in Sources */,
			);
			runOnlyForDeploymentPostprocessing = 0;
		};
/* End PBXSourcesBuildPhase section */

/* Begin XCBuildConfiguration section */
		DCBEBA38230D2FED00A119CE /* Debug */ = {
			isa = XCBuildConfiguration;
			baseConfigurationReference = 1171CBF17794F92825DEB0AC /* Pods-NestsDemo.debug.xcconfig */;
			buildSettings = {
				ASSETCATALOG_COMPILER_APPICON_NAME = AppIcon;
				CODE_SIGN_STYLE = Manual;
				DEVELOPMENT_TEAM = "";
				INFOPLIST_FILE = NestsDemo/Info.plist;
				IPHONEOS_DEPLOYMENT_TARGET = 9.0;
				LD_RUNPATH_SEARCH_PATHS = (
					"$(inherited)",
					"@executable_path/Frameworks",
				);
				PRODUCT_BUNDLE_IDENTIFIER = com.taeho.app.NestsDemo;
				PRODUCT_NAME = "$(TARGET_NAME)";
				PROVISIONING_PROFILE_SPECIFIER = "";
				SWIFT_VERSION = 5.0;
				TARGETED_DEVICE_FAMILY = "1,2";
			};
			name = Debug;
		};
		DCBEBA39230D2FED00A119CE /* Release */ = {
			isa = XCBuildConfiguration;
			baseConfigurationReference = 7620A5803C3C54F8C239A031 /* Pods-NestsDemo.release.xcconfig */;
			buildSettings = {
				ASSETCATALOG_COMPILER_APPICON_NAME = AppIcon;
				CODE_SIGN_STYLE = Manual;
				DEVELOPMENT_TEAM = "";
				INFOPLIST_FILE = NestsDemo/Info.plist;
				IPHONEOS_DEPLOYMENT_TARGET = 9.0;
				LD_RUNPATH_SEARCH_PATHS = (
					"$(inherited)",
					"@executable_path/Frameworks",
				);
				PRODUCT_BUNDLE_IDENTIFIER = com.taeho.app.NestsDemo;
				PRODUCT_NAME = "$(TARGET_NAME)";
				PROVISIONING_PROFILE_SPECIFIER = "";
				SWIFT_VERSION = 5.0;
				TARGETED_DEVICE_FAMILY = "1,2";
			};
			name = Release;
		};
		ECFEE8B921953A2E00D8B346 /* Debug */ = {
			isa = XCBuildConfiguration;
			buildSettings = {
				ALWAYS_SEARCH_USER_PATHS = NO;
				CLANG_ANALYZER_NONNULL = YES;
				CLANG_ANALYZER_NUMBER_OBJECT_CONVERSION = YES_AGGRESSIVE;
				CLANG_CXX_LANGUAGE_STANDARD = "gnu++14";
				CLANG_CXX_LIBRARY = "libc++";
				CLANG_ENABLE_MODULES = YES;
				CLANG_ENABLE_OBJC_ARC = YES;
				CLANG_ENABLE_OBJC_WEAK = YES;
				CLANG_WARN_BLOCK_CAPTURE_AUTORELEASING = YES;
				CLANG_WARN_BOOL_CONVERSION = YES;
				CLANG_WARN_COMMA = YES;
				CLANG_WARN_CONSTANT_CONVERSION = YES;
				CLANG_WARN_DEPRECATED_OBJC_IMPLEMENTATIONS = YES;
				CLANG_WARN_DIRECT_OBJC_ISA_USAGE = YES_ERROR;
				CLANG_WARN_DOCUMENTATION_COMMENTS = YES;
				CLANG_WARN_EMPTY_BODY = YES;
				CLANG_WARN_ENUM_CONVERSION = YES;
				CLANG_WARN_INFINITE_RECURSION = YES;
				CLANG_WARN_INT_CONVERSION = YES;
				CLANG_WARN_NON_LITERAL_NULL_CONVERSION = YES;
				CLANG_WARN_OBJC_IMPLICIT_RETAIN_SELF = YES;
				CLANG_WARN_OBJC_LITERAL_CONVERSION = YES;
				CLANG_WARN_OBJC_ROOT_CLASS = YES_ERROR;
				CLANG_WARN_RANGE_LOOP_ANALYSIS = YES;
				CLANG_WARN_STRICT_PROTOTYPES = YES;
				CLANG_WARN_SUSPICIOUS_MOVE = YES;
				CLANG_WARN_UNGUARDED_AVAILABILITY = YES_AGGRESSIVE;
				CLANG_WARN_UNREACHABLE_CODE = YES;
				CLANG_WARN__DUPLICATE_METHOD_MATCH = YES;
				CODE_SIGN_IDENTITY = "iPhone Developer";
				COPY_PHASE_STRIP = NO;
				CURRENT_PROJECT_VERSION = 1;
				DEBUG_INFORMATION_FORMAT = dwarf;
				ENABLE_STRICT_OBJC_MSGSEND = YES;
				ENABLE_TESTABILITY = YES;
				GCC_C_LANGUAGE_STANDARD = gnu11;
				GCC_DYNAMIC_NO_PIC = NO;
				GCC_NO_COMMON_BLOCKS = YES;
				GCC_OPTIMIZATION_LEVEL = 0;
				GCC_PREPROCESSOR_DEFINITIONS = (
					"DEBUG=1",
					"$(inherited)",
				);
				GCC_WARN_64_TO_32_BIT_CONVERSION = YES;
				GCC_WARN_ABOUT_RETURN_TYPE = YES_ERROR;
				GCC_WARN_UNDECLARED_SELECTOR = YES;
				GCC_WARN_UNINITIALIZED_AUTOS = YES_AGGRESSIVE;
				GCC_WARN_UNUSED_FUNCTION = YES;
				GCC_WARN_UNUSED_VARIABLE = YES;
				IPHONEOS_DEPLOYMENT_TARGET = 12.1;
				MTL_ENABLE_DEBUG_INFO = INCLUDE_SOURCE;
				MTL_FAST_MATH = YES;
				ONLY_ACTIVE_ARCH = YES;
				SDKROOT = iphoneos;
				SWIFT_ACTIVE_COMPILATION_CONDITIONS = DEBUG;
				SWIFT_OPTIMIZATION_LEVEL = "-Onone";
				VERSIONING_SYSTEM = "apple-generic";
				VERSION_INFO_PREFIX = "";
			};
			name = Debug;
		};
		ECFEE8BA21953A2E00D8B346 /* Release */ = {
			isa = XCBuildConfiguration;
			buildSettings = {
				ALWAYS_SEARCH_USER_PATHS = NO;
				CLANG_ANALYZER_NONNULL = YES;
				CLANG_ANALYZER_NUMBER_OBJECT_CONVERSION = YES_AGGRESSIVE;
				CLANG_CXX_LANGUAGE_STANDARD = "gnu++14";
				CLANG_CXX_LIBRARY = "libc++";
				CLANG_ENABLE_MODULES = YES;
				CLANG_ENABLE_OBJC_ARC = YES;
				CLANG_ENABLE_OBJC_WEAK = YES;
				CLANG_WARN_BLOCK_CAPTURE_AUTORELEASING = YES;
				CLANG_WARN_BOOL_CONVERSION = YES;
				CLANG_WARN_COMMA = YES;
				CLANG_WARN_CONSTANT_CONVERSION = YES;
				CLANG_WARN_DEPRECATED_OBJC_IMPLEMENTATIONS = YES;
				CLANG_WARN_DIRECT_OBJC_ISA_USAGE = YES_ERROR;
				CLANG_WARN_DOCUMENTATION_COMMENTS = YES;
				CLANG_WARN_EMPTY_BODY = YES;
				CLANG_WARN_ENUM_CONVERSION = YES;
				CLANG_WARN_INFINITE_RECURSION = YES;
				CLANG_WARN_INT_CONVERSION = YES;
				CLANG_WARN_NON_LITERAL_NULL_CONVERSION = YES;
				CLANG_WARN_OBJC_IMPLICIT_RETAIN_SELF = YES;
				CLANG_WARN_OBJC_LITERAL_CONVERSION = YES;
				CLANG_WARN_OBJC_ROOT_CLASS = YES_ERROR;
				CLANG_WARN_RANGE_LOOP_ANALYSIS = YES;
				CLANG_WARN_STRICT_PROTOTYPES = YES;
				CLANG_WARN_SUSPICIOUS_MOVE = YES;
				CLANG_WARN_UNGUARDED_AVAILABILITY = YES_AGGRESSIVE;
				CLANG_WARN_UNREACHABLE_CODE = YES;
				CLANG_WARN__DUPLICATE_METHOD_MATCH = YES;
				CODE_SIGN_IDENTITY = "iPhone Developer";
				COPY_PHASE_STRIP = NO;
				CURRENT_PROJECT_VERSION = 1;
				DEBUG_INFORMATION_FORMAT = "dwarf-with-dsym";
				ENABLE_NS_ASSERTIONS = NO;
				ENABLE_STRICT_OBJC_MSGSEND = YES;
				GCC_C_LANGUAGE_STANDARD = gnu11;
				GCC_NO_COMMON_BLOCKS = YES;
				GCC_WARN_64_TO_32_BIT_CONVERSION = YES;
				GCC_WARN_ABOUT_RETURN_TYPE = YES_ERROR;
				GCC_WARN_UNDECLARED_SELECTOR = YES;
				GCC_WARN_UNINITIALIZED_AUTOS = YES_AGGRESSIVE;
				GCC_WARN_UNUSED_FUNCTION = YES;
				GCC_WARN_UNUSED_VARIABLE = YES;
				IPHONEOS_DEPLOYMENT_TARGET = 12.1;
				MTL_ENABLE_DEBUG_INFO = NO;
				MTL_FAST_MATH = YES;
				SDKROOT = iphoneos;
				SWIFT_COMPILATION_MODE = wholemodule;
				SWIFT_OPTIMIZATION_LEVEL = "-O";
				VALIDATE_PRODUCT = YES;
				VERSIONING_SYSTEM = "apple-generic";
				VERSION_INFO_PREFIX = "";
			};
			name = Release;
		};
		ECFEE8BC21953A2E00D8B346 /* Debug */ = {
			isa = XCBuildConfiguration;
			baseConfigurationReference = D59B95DEEE45207E9B1C04DF /* Pods-Nests.debug.xcconfig */;
			buildSettings = {
				CLANG_ENABLE_MODULES = YES;
				CODE_SIGN_IDENTITY = "";
				CODE_SIGN_STYLE = Automatic;
				DEFINES_MODULE = YES;
				DEVELOPMENT_TEAM = "";
				DYLIB_COMPATIBILITY_VERSION = 1;
				DYLIB_CURRENT_VERSION = 1;
				DYLIB_INSTALL_NAME_BASE = "@rpath";
				INFOPLIST_FILE = Nests/Info.plist;
				INSTALL_PATH = "$(LOCAL_LIBRARY_DIR)/Frameworks";
				IPHONEOS_DEPLOYMENT_TARGET = 9.0;
				LD_RUNPATH_SEARCH_PATHS = (
					"$(inherited)",
					"@executable_path/Frameworks",
					"@loader_path/Frameworks",
				);
				PRODUCT_BUNDLE_IDENTIFIER = com.taihao.Nests;
				PRODUCT_NAME = "$(TARGET_NAME:c99extidentifier)";
				SKIP_INSTALL = YES;
				SWIFT_OPTIMIZATION_LEVEL = "-Onone";
				SWIFT_VERSION = 5.0;
				TARGETED_DEVICE_FAMILY = "1,2";
			};
			name = Debug;
		};
		ECFEE8BD21953A2E00D8B346 /* Release */ = {
			isa = XCBuildConfiguration;
			baseConfigurationReference = AAFC694BBFB32BF8D40F424C /* Pods-Nests.release.xcconfig */;
			buildSettings = {
				CLANG_ENABLE_MODULES = YES;
				CODE_SIGN_IDENTITY = "";
				CODE_SIGN_STYLE = Automatic;
				DEFINES_MODULE = YES;
				DEVELOPMENT_TEAM = "";
				DYLIB_COMPATIBILITY_VERSION = 1;
				DYLIB_CURRENT_VERSION = 1;
				DYLIB_INSTALL_NAME_BASE = "@rpath";
				INFOPLIST_FILE = Nests/Info.plist;
				INSTALL_PATH = "$(LOCAL_LIBRARY_DIR)/Frameworks";
				IPHONEOS_DEPLOYMENT_TARGET = 9.0;
				LD_RUNPATH_SEARCH_PATHS = (
					"$(inherited)",
					"@executable_path/Frameworks",
					"@loader_path/Frameworks",
				);
				PRODUCT_BUNDLE_IDENTIFIER = com.taihao.Nests;
				PRODUCT_NAME = "$(TARGET_NAME:c99extidentifier)";
				SKIP_INSTALL = YES;
				SWIFT_VERSION = 5.0;
				TARGETED_DEVICE_FAMILY = "1,2";
			};
			name = Release;
		};
/* End XCBuildConfiguration section */

/* Begin XCConfigurationList section */
		DCBEBA3A230D2FED00A119CE /* Build configuration list for PBXNativeTarget "NestsDemo" */ = {
			isa = XCConfigurationList;
			buildConfigurations = (
				DCBEBA38230D2FED00A119CE /* Debug */,
				DCBEBA39230D2FED00A119CE /* Release */,
			);
			defaultConfigurationIsVisible = 0;
			defaultConfigurationName = Release;
		};
		ECFEE8AD21953A2E00D8B346 /* Build configuration list for PBXProject "Nests" */ = {
			isa = XCConfigurationList;
			buildConfigurations = (
				ECFEE8B921953A2E00D8B346 /* Debug */,
				ECFEE8BA21953A2E00D8B346 /* Release */,
			);
			defaultConfigurationIsVisible = 0;
			defaultConfigurationName = Release;
		};
		ECFEE8BB21953A2E00D8B346 /* Build configuration list for PBXNativeTarget "Nests" */ = {
			isa = XCConfigurationList;
			buildConfigurations = (
				ECFEE8BC21953A2E00D8B346 /* Debug */,
				ECFEE8BD21953A2E00D8B346 /* Release */,
			);
			defaultConfigurationIsVisible = 0;
			defaultConfigurationName = Release;
		};
/* End XCConfigurationList section */
	};
	rootObject = ECFEE8AA21953A2E00D8B346 /* Project object */;
}
