// !$*UTF8*$!
{
	archiveVersion = 1;
	classes = {
	};
	objectVersion = 50;
	objects = {

/* Begin PBXBuildFile section */
		007DC73CFED0753D9451AE57 /* Pods_Nests.framework in Frameworks */ = {isa = PBXBuildFile; fileRef = 2B148B33EDB4BBCF633FD4F9 /* Pods_Nests.framework */; };
		13355CE53585A682016B85FC /* Pods_Nests.framework in Frameworks */ = {isa = PBXBuildFile; fileRef = ECF3D530219D947100ECCA2C /* Pods_Nests.framework */; };
		E75D1DC226AF1D7819921627 /* Pods_NestsDemo.framework in Frameworks */ = {isa = PBXBuildFile; fileRef = D8D205F2042400BD6700C784 /* Pods_NestsDemo.framework */; };
		EC55C677219E93AC00168282 /* NModel.swift in Sources */ = {isa = PBXBuildFile; fileRef = EC55C676219E93AC00168282 /* NModel.swift */; };
		EC55C67B219E993A00168282 /* NCacheManager.swift in Sources */ = {isa = PBXBuildFile; fileRef = EC55C67A219E993A00168282 /* NCacheManager.swift */; };
		EC73B54221AE714100A2F47B /* UIViewFrameExtension.swift in Sources */ = {isa = PBXBuildFile; fileRef = EC73B54121AE714100A2F47B /* UIViewFrameExtension.swift */; };
		ECB1789221ABC41D006CBDB6 /* UIScorllViewExtention.swift in Sources */ = {isa = PBXBuildFile; fileRef = ECB1789121ABC41D006CBDB6 /* UIScorllViewExtention.swift */; };
		ECB1789421ABC45F006CBDB6 /* NNest.swift in Sources */ = {isa = PBXBuildFile; fileRef = ECB1789321ABC45F006CBDB6 /* NNest.swift */; };
		ECB1789621ABC4D2006CBDB6 /* NRefreshView.swift in Sources */ = {isa = PBXBuildFile; fileRef = ECB1789521ABC4D2006CBDB6 /* NRefreshView.swift */; };
		ECB1789821ABC915006CBDB6 /* NRfreshViewAnimator.swift in Sources */ = {isa = PBXBuildFile; fileRef = ECB1789721ABC915006CBDB6 /* NRfreshViewAnimator.swift */; };
		ECB1789A21ABF261006CBDB6 /* NRefreshProtocol.swift in Sources */ = {isa = PBXBuildFile; fileRef = ECB1789921ABF261006CBDB6 /* NRefreshProtocol.swift */; };
		ECD5D793219A9D04006A5C47 /* NHttpManager.swift in Sources */ = {isa = PBXBuildFile; fileRef = ECD5D792219A9D04006A5C47 /* NHttpManager.swift */; };
		ECF3D501219D73CE00ECCA2C /* AppDelegate.swift in Sources */ = {isa = PBXBuildFile; fileRef = ECF3D500219D73CE00ECCA2C /* AppDelegate.swift */; };
		ECF3D503219D73CE00ECCA2C /* ViewController.swift in Sources */ = {isa = PBXBuildFile; fileRef = ECF3D502219D73CE00ECCA2C /* ViewController.swift */; };
		ECF3D508219D73CF00ECCA2C /* Assets.xcassets in Resources */ = {isa = PBXBuildFile; fileRef = ECF3D507219D73CF00ECCA2C /* Assets.xcassets */; };
		ECF3D528219D93AD00ECCA2C /* Nests.framework in Frameworks */ = {isa = PBXBuildFile; fileRef = ECFEE8B321953A2E00D8B346 /* Nests.framework */; };
		ECF3D529219D93AD00ECCA2C /* Nests.framework in Embed Frameworks */ = {isa = PBXBuildFile; fileRef = ECFEE8B321953A2E00D8B346 /* Nests.framework */; settings = {ATTRIBUTES = (CodeSignOnCopy, RemoveHeadersOnCopy, ); }; };
		ECFEE8B821953A2E00D8B346 /* Nests.h in Headers */ = {isa = PBXBuildFile; fileRef = ECFEE8B621953A2E00D8B346 /* Nests.h */; settings = {ATTRIBUTES = (Public, ); }; };
/* End PBXBuildFile section */

/* Begin PBXContainerItemProxy section */
		ECF3D52A219D93AD00ECCA2C /* PBXContainerItemProxy */ = {
			isa = PBXContainerItemProxy;
			containerPortal = ECFEE8AA21953A2E00D8B346 /* Project object */;
			proxyType = 1;
			remoteGlobalIDString = ECFEE8B221953A2E00D8B346;
			remoteInfo = Nests;
		};
/* End PBXContainerItemProxy section */

/* Begin PBXCopyFilesBuildPhase section */
		ECF3D52C219D93AD00ECCA2C /* Embed Frameworks */ = {
			isa = PBXCopyFilesBuildPhase;
			buildActionMask = 2147483647;
			dstPath = "";
			dstSubfolderSpec = 10;
			files = (
				ECF3D529219D93AD00ECCA2C /* Nests.framework in Embed Frameworks */,
			);
			name = "Embed Frameworks";
			runOnlyForDeploymentPostprocessing = 0;
		};
/* End PBXCopyFilesBuildPhase section */

/* Begin PBXFileReference section */
		19C11B9F0526877355EC6E07 /* Pods-Nests.debug.xcconfig */ = {isa = PBXFileReference; includeInIndex = 1; lastKnownFileType = text.xcconfig; name = "Pods-Nests.debug.xcconfig"; path = "Pods/Target Support Files/Pods-Nests/Pods-Nests.debug.xcconfig"; sourceTree = "<group>"; };
		2B148B33EDB4BBCF633FD4F9 /* Pods_Nests.framework */ = {isa = PBXFileReference; explicitFileType = wrapper.framework; includeInIndex = 0; path = Pods_Nests.framework; sourceTree = BUILT_PRODUCTS_DIR; };
		B6EEF665184EBB92040A6B44 /* Pods-Nests.release.xcconfig */ = {isa = PBXFileReference; includeInIndex = 1; lastKnownFileType = text.xcconfig; name = "Pods-Nests.release.xcconfig"; path = "Pods/Target Support Files/Pods-Nests/Pods-Nests.release.xcconfig"; sourceTree = "<group>"; };
		BF66D75CBE7ACBBE746E89E3 /* Pods-NestsDemo.release.xcconfig */ = {isa = PBXFileReference; includeInIndex = 1; lastKnownFileType = text.xcconfig; name = "Pods-NestsDemo.release.xcconfig"; path = "Pods/Target Support Files/Pods-NestsDemo/Pods-NestsDemo.release.xcconfig"; sourceTree = "<group>"; };
		D8D205F2042400BD6700C784 /* Pods_NestsDemo.framework */ = {isa = PBXFileReference; explicitFileType = wrapper.framework; includeInIndex = 0; path = Pods_NestsDemo.framework; sourceTree = BUILT_PRODUCTS_DIR; };
		EC55C676219E93AC00168282 /* NModel.swift */ = {isa = PBXFileReference; lastKnownFileType = sourcecode.swift; path = NModel.swift; sourceTree = "<group>"; };
		EC55C67A219E993A00168282 /* NCacheManager.swift */ = {isa = PBXFileReference; lastKnownFileType = sourcecode.swift; path = NCacheManager.swift; sourceTree = "<group>"; };
		EC73B54121AE714100A2F47B /* UIViewFrameExtension.swift */ = {isa = PBXFileReference; lastKnownFileType = sourcecode.swift; path = UIViewFrameExtension.swift; sourceTree = "<group>"; };
		ECB1789121ABC41D006CBDB6 /* UIScorllViewExtention.swift */ = {isa = PBXFileReference; lastKnownFileType = sourcecode.swift; path = UIScorllViewExtention.swift; sourceTree = "<group>"; };
		ECB1789321ABC45F006CBDB6 /* NNest.swift */ = {isa = PBXFileReference; lastKnownFileType = sourcecode.swift; path = NNest.swift; sourceTree = "<group>"; };
		ECB1789521ABC4D2006CBDB6 /* NRefreshView.swift */ = {isa = PBXFileReference; lastKnownFileType = sourcecode.swift; path = NRefreshView.swift; sourceTree = "<group>"; };
		ECB1789721ABC915006CBDB6 /* NRfreshViewAnimator.swift */ = {isa = PBXFileReference; lastKnownFileType = sourcecode.swift; path = NRfreshViewAnimator.swift; sourceTree = "<group>"; };
		ECB1789921ABF261006CBDB6 /* NRefreshProtocol.swift */ = {isa = PBXFileReference; lastKnownFileType = sourcecode.swift; path = NRefreshProtocol.swift; sourceTree = "<group>"; };
		ECD5D792219A9D04006A5C47 /* NHttpManager.swift */ = {isa = PBXFileReference; lastKnownFileType = sourcecode.swift; path = NHttpManager.swift; sourceTree = "<group>"; };
		ECF3D4FE219D73CE00ECCA2C /* NestsDemo.app */ = {isa = PBXFileReference; explicitFileType = wrapper.application; includeInIndex = 0; path = NestsDemo.app; sourceTree = BUILT_PRODUCTS_DIR; };
		ECF3D500219D73CE00ECCA2C /* AppDelegate.swift */ = {isa = PBXFileReference; lastKnownFileType = sourcecode.swift; path = AppDelegate.swift; sourceTree = "<group>"; };
		ECF3D502219D73CE00ECCA2C /* ViewController.swift */ = {isa = PBXFileReference; lastKnownFileType = sourcecode.swift; path = ViewController.swift; sourceTree = "<group>"; };
		ECF3D507219D73CF00ECCA2C /* Assets.xcassets */ = {isa = PBXFileReference; lastKnownFileType = folder.assetcatalog; path = Assets.xcassets; sourceTree = "<group>"; };
		ECF3D50C219D73CF00ECCA2C /* Info.plist */ = {isa = PBXFileReference; lastKnownFileType = text.plist.xml; path = Info.plist; sourceTree = "<group>"; };
		ECF3D530219D947100ECCA2C /* Pods_Nests.framework */ = {isa = PBXFileReference; explicitFileType = wrapper.framework; path = Pods_Nests.framework; sourceTree = BUILT_PRODUCTS_DIR; };
		ECFEE8B321953A2E00D8B346 /* Nests.framework */ = {isa = PBXFileReference; explicitFileType = wrapper.framework; includeInIndex = 0; path = Nests.framework; sourceTree = BUILT_PRODUCTS_DIR; };
		ECFEE8B621953A2E00D8B346 /* Nests.h */ = {isa = PBXFileReference; lastKnownFileType = sourcecode.c.h; path = Nests.h; sourceTree = "<group>"; };
		ECFEE8B721953A2E00D8B346 /* Info.plist */ = {isa = PBXFileReference; lastKnownFileType = text.plist.xml; path = Info.plist; sourceTree = "<group>"; };
		F41846F338E95B3BBA43DE02 /* Pods-NestsDemo.debug.xcconfig */ = {isa = PBXFileReference; includeInIndex = 1; lastKnownFileType = text.xcconfig; name = "Pods-NestsDemo.debug.xcconfig"; path = "Pods/Target Support Files/Pods-NestsDemo/Pods-NestsDemo.debug.xcconfig"; sourceTree = "<group>"; };
/* End PBXFileReference section */

/* Begin PBXFrameworksBuildPhase section */
		ECF3D4FB219D73CE00ECCA2C /* Frameworks */ = {
			isa = PBXFrameworksBuildPhase;
			buildActionMask = 2147483647;
			files = (
				ECF3D528219D93AD00ECCA2C /* Nests.framework in Frameworks */,
				E75D1DC226AF1D7819921627 /* Pods_NestsDemo.framework in Frameworks */,
			);
			runOnlyForDeploymentPostprocessing = 0;
		};
		ECFEE8B021953A2E00D8B346 /* Frameworks */ = {
			isa = PBXFrameworksBuildPhase;
			buildActionMask = 2147483647;
			files = (
				007DC73CFED0753D9451AE57 /* Pods_Nests.framework in Frameworks */,
				13355CE53585A682016B85FC /* Pods_Nests.framework in Frameworks */,
			);
			runOnlyForDeploymentPostprocessing = 0;
		};
/* End PBXFrameworksBuildPhase section */

/* Begin PBXGroup section */
		0362F64AFC8A684CD253A7F2 /* Frameworks */ = {
			isa = PBXGroup;
			children = (
				ECF3D530219D947100ECCA2C /* Pods_Nests.framework */,
				2B148B33EDB4BBCF633FD4F9 /* Pods_Nests.framework */,
				D8D205F2042400BD6700C784 /* Pods_NestsDemo.framework */,
			);
			name = Frameworks;
			sourceTree = "<group>";
		};
		C6C407385AB007AFB181DC4A /* Pods */ = {
			isa = PBXGroup;
			children = (
				19C11B9F0526877355EC6E07 /* Pods-Nests.debug.xcconfig */,
				B6EEF665184EBB92040A6B44 /* Pods-Nests.release.xcconfig */,
				F41846F338E95B3BBA43DE02 /* Pods-NestsDemo.debug.xcconfig */,
				BF66D75CBE7ACBBE746E89E3 /* Pods-NestsDemo.release.xcconfig */,
			);
			name = Pods;
			sourceTree = "<group>";
		};
		ECB1788F21ABC3D0006CBDB6 /* Extensions */ = {
			isa = PBXGroup;
			children = (
				ECB1789021ABC3F7006CBDB6 /* UIScrollView+refresh */,
				EC73B54121AE714100A2F47B /* UIViewFrameExtension.swift */,
			);
			path = Extensions;
			sourceTree = "<group>";
		};
		ECB1789021ABC3F7006CBDB6 /* UIScrollView+refresh */ = {
			isa = PBXGroup;
			children = (
				ECB1789121ABC41D006CBDB6 /* UIScorllViewExtention.swift */,
				ECB1789521ABC4D2006CBDB6 /* NRefreshView.swift */,
				ECB1789721ABC915006CBDB6 /* NRfreshViewAnimator.swift */,
				ECB1789921ABF261006CBDB6 /* NRefreshProtocol.swift */,
			);
			name = "UIScrollView+refresh";
			sourceTree = "<group>";
		};
		ECF3D4FF219D73CE00ECCA2C /* NestsDemo */ = {
			isa = PBXGroup;
			children = (
				ECF3D500219D73CE00ECCA2C /* AppDelegate.swift */,
				ECF3D502219D73CE00ECCA2C /* ViewController.swift */,
				ECF3D507219D73CF00ECCA2C /* Assets.xcassets */,
				ECF3D50C219D73CF00ECCA2C /* Info.plist */,
			);
			path = NestsDemo;
			sourceTree = "<group>";
		};
		ECFEE8A921953A2E00D8B346 = {
			isa = PBXGroup;
			children = (
				ECFEE8B521953A2E00D8B346 /* Nests */,
				ECF3D4FF219D73CE00ECCA2C /* NestsDemo */,
				ECFEE8B421953A2E00D8B346 /* Products */,
				C6C407385AB007AFB181DC4A /* Pods */,
				0362F64AFC8A684CD253A7F2 /* Frameworks */,
			);
			sourceTree = "<group>";
		};
		ECFEE8B421953A2E00D8B346 /* Products */ = {
			isa = PBXGroup;
			children = (
				ECFEE8B321953A2E00D8B346 /* Nests.framework */,
				ECF3D4FE219D73CE00ECCA2C /* NestsDemo.app */,
			);
			name = Products;
			sourceTree = "<group>";
		};
		ECFEE8B521953A2E00D8B346 /* Nests */ = {
			isa = PBXGroup;
			children = (
				ECFEE8B721953A2E00D8B346 /* Info.plist */,
				ECFEE8B621953A2E00D8B346 /* Nests.h */,
				ECB1789321ABC45F006CBDB6 /* NNest.swift */,
				ECB1788F21ABC3D0006CBDB6 /* Extensions */,
				ECFEE8BE21953ADD00D8B346 /* Network */,
			);
			path = Nests;
			sourceTree = "<group>";
		};
		ECFEE8BE21953ADD00D8B346 /* Network */ = {
			isa = PBXGroup;
			children = (
				EC55C67A219E993A00168282 /* NCacheManager.swift */,
				ECD5D792219A9D04006A5C47 /* NHttpManager.swift */,
				EC55C676219E93AC00168282 /* NModel.swift */,
			);
			name = Network;
			sourceTree = "<group>";
		};
/* End PBXGroup section */

/* Begin PBXHeadersBuildPhase section */
		ECFEE8AE21953A2E00D8B346 /* Headers */ = {
			isa = PBXHeadersBuildPhase;
			buildActionMask = 2147483647;
			files = (
				ECFEE8B821953A2E00D8B346 /* Nests.h in Headers */,
			);
			runOnlyForDeploymentPostprocessing = 0;
		};
/* End PBXHeadersBuildPhase section */

/* Begin PBXNativeTarget section */
		ECF3D4FD219D73CE00ECCA2C /* NestsDemo */ = {
			isa = PBXNativeTarget;
			buildConfigurationList = ECF3D50F219D73CF00ECCA2C /* Build configuration list for PBXNativeTarget "NestsDemo" */;
			buildPhases = (
				95BCD9796CE42E67B3171008 /* [CP] Check Pods Manifest.lock */,
				ECF3D4FA219D73CE00ECCA2C /* Sources */,
				ECF3D4FB219D73CE00ECCA2C /* Frameworks */,
				ECF3D4FC219D73CE00ECCA2C /* Resources */,
				ECF3D52C219D93AD00ECCA2C /* Embed Frameworks */,
				7D44592C6D42FA18F16376D3 /* [CP] Embed Pods Frameworks */,
			);
			buildRules = (
			);
			dependencies = (
				ECF3D52B219D93AD00ECCA2C /* PBXTargetDependency */,
			);
			name = NestsDemo;
			productName = NestsDemo;
			productReference = ECF3D4FE219D73CE00ECCA2C /* NestsDemo.app */;
			productType = "com.apple.product-type.application";
		};
		ECFEE8B221953A2E00D8B346 /* Nests */ = {
			isa = PBXNativeTarget;
			buildConfigurationList = ECFEE8BB21953A2E00D8B346 /* Build configuration list for PBXNativeTarget "Nests" */;
			buildPhases = (
				A6E2D0984B6C57A3E9AA7BCA /* [CP] Check Pods Manifest.lock */,
				ECFEE8AE21953A2E00D8B346 /* Headers */,
				ECFEE8AF21953A2E00D8B346 /* Sources */,
				ECFEE8B021953A2E00D8B346 /* Frameworks */,
				ECFEE8B121953A2E00D8B346 /* Resources */,
			);
			buildRules = (
			);
			dependencies = (
			);
			name = Nests;
			productName = Nests;
			productReference = ECFEE8B321953A2E00D8B346 /* Nests.framework */;
			productType = "com.apple.product-type.framework";
		};
/* End PBXNativeTarget section */

/* Begin PBXProject section */
		ECFEE8AA21953A2E00D8B346 /* Project object */ = {
			isa = PBXProject;
			attributes = {
				LastSwiftUpdateCheck = 1010;
				LastUpgradeCheck = 1010;
				ORGANIZATIONNAME = TaiHao;
				TargetAttributes = {
					ECF3D4FD219D73CE00ECCA2C = {
						CreatedOnToolsVersion = 10.1;
					};
					ECFEE8B221953A2E00D8B346 = {
						CreatedOnToolsVersion = 10.1;
						LastSwiftMigration = 1010;
					};
				};
			};
			buildConfigurationList = ECFEE8AD21953A2E00D8B346 /* Build configuration list for PBXProject "Nests" */;
			compatibilityVersion = "Xcode 9.3";
			developmentRegion = en;
			hasScannedForEncodings = 0;
			knownRegions = (
				en,
				Base,
			);
			mainGroup = ECFEE8A921953A2E00D8B346;
			productRefGroup = ECFEE8B421953A2E00D8B346 /* Products */;
			projectDirPath = "";
			projectRoot = "";
			targets = (
				ECFEE8B221953A2E00D8B346 /* Nests */,
				ECF3D4FD219D73CE00ECCA2C /* NestsDemo */,
			);
		};
/* End PBXProject section */

/* Begin PBXResourcesBuildPhase section */
		ECF3D4FC219D73CE00ECCA2C /* Resources */ = {
			isa = PBXResourcesBuildPhase;
			buildActionMask = 2147483647;
			files = (
				ECF3D508219D73CF00ECCA2C /* Assets.xcassets in Resources */,
			);
			runOnlyForDeploymentPostprocessing = 0;
		};
		ECFEE8B121953A2E00D8B346 /* Resources */ = {
			isa = PBXResourcesBuildPhase;
			buildActionMask = 2147483647;
			files = (
			);
			runOnlyForDeploymentPostprocessing = 0;
		};
/* End PBXResourcesBuildPhase section */

/* Begin PBXShellScriptBuildPhase section */
		7D44592C6D42FA18F16376D3 /* [CP] Embed Pods Frameworks */ = {
			isa = PBXShellScriptBuildPhase;
			buildActionMask = 2147483647;
			files = (
			);
			inputFileListPaths = (
			);
			inputPaths = (
				"${SRCROOT}/Pods/Target Support Files/Pods-NestsDemo/Pods-NestsDemo-frameworks.sh",
				"${BUILT_PRODUCTS_DIR}/Alamofire/Alamofire.framework",
				"${BUILT_PRODUCTS_DIR}/Realm/Realm.framework",
				"${BUILT_PRODUCTS_DIR}/RealmSwift/RealmSwift.framework",
			);
			name = "[CP] Embed Pods Frameworks";
			outputFileListPaths = (
			);
			outputPaths = (
				"${TARGET_BUILD_DIR}/${FRAMEWORKS_FOLDER_PATH}/Alamofire.framework",
				"${TARGET_BUILD_DIR}/${FRAMEWORKS_FOLDER_PATH}/Realm.framework",
				"${TARGET_BUILD_DIR}/${FRAMEWORKS_FOLDER_PATH}/RealmSwift.framework",
			);
			runOnlyForDeploymentPostprocessing = 0;
			shellPath = /bin/sh;
			shellScript = "\"${SRCROOT}/Pods/Target Support Files/Pods-NestsDemo/Pods-NestsDemo-frameworks.sh\"\n";
			showEnvVarsInLog = 0;
		};
		95BCD9796CE42E67B3171008 /* [CP] Check Pods Manifest.lock */ = {
			isa = PBXShellScriptBuildPhase;
			buildActionMask = 2147483647;
			files = (
			);
			inputFileListPaths = (
			);
			inputPaths = (
				"${PODS_PODFILE_DIR_PATH}/Podfile.lock",
				"${PODS_ROOT}/Manifest.lock",
			);
			name = "[CP] Check Pods Manifest.lock";
			outputFileListPaths = (
			);
			outputPaths = (
				"$(DERIVED_FILE_DIR)/Pods-NestsDemo-checkManifestLockResult.txt",
			);
			runOnlyForDeploymentPostprocessing = 0;
			shellPath = /bin/sh;
			shellScript = "diff \"${PODS_PODFILE_DIR_PATH}/Podfile.lock\" \"${PODS_ROOT}/Manifest.lock\" > /dev/null\nif [ $? != 0 ] ; then\n    # print error to STDERR\n    echo \"error: The sandbox is not in sync with the Podfile.lock. Run 'pod install' or update your CocoaPods installation.\" >&2\n    exit 1\nfi\n# This output is used by Xcode 'outputs' to avoid re-running this script phase.\necho \"SUCCESS\" > \"${SCRIPT_OUTPUT_FILE_0}\"\n";
			showEnvVarsInLog = 0;
		};
		A6E2D0984B6C57A3E9AA7BCA /* [CP] Check Pods Manifest.lock */ = {
			isa = PBXShellScriptBuildPhase;
			buildActionMask = 2147483647;
			files = (
			);
			inputFileListPaths = (
			);
			inputPaths = (
				"${PODS_PODFILE_DIR_PATH}/Podfile.lock",
				"${PODS_ROOT}/Manifest.lock",
			);
			name = "[CP] Check Pods Manifest.lock";
			outputFileListPaths = (
			);
			outputPaths = (
				"$(DERIVED_FILE_DIR)/Pods-Nests-checkManifestLockResult.txt",
			);
			runOnlyForDeploymentPostprocessing = 0;
			shellPath = /bin/sh;
			shellScript = "diff \"${PODS_PODFILE_DIR_PATH}/Podfile.lock\" \"${PODS_ROOT}/Manifest.lock\" > /dev/null\nif [ $? != 0 ] ; then\n    # print error to STDERR\n    echo \"error: The sandbox is not in sync with the Podfile.lock. Run 'pod install' or update your CocoaPods installation.\" >&2\n    exit 1\nfi\n# This output is used by Xcode 'outputs' to avoid re-running this script phase.\necho \"SUCCESS\" > \"${SCRIPT_OUTPUT_FILE_0}\"\n";
			showEnvVarsInLog = 0;
		};
/* End PBXShellScriptBuildPhase section */

/* Begin PBXSourcesBuildPhase section */
		ECF3D4FA219D73CE00ECCA2C /* Sources */ = {
			isa = PBXSourcesBuildPhase;
			buildActionMask = 2147483647;
			files = (
				ECF3D503219D73CE00ECCA2C /* ViewController.swift in Sources */,
				ECF3D501219D73CE00ECCA2C /* AppDelegate.swift in Sources */,
			);
			runOnlyForDeploymentPostprocessing = 0;
		};
		ECFEE8AF21953A2E00D8B346 /* Sources */ = {
			isa = PBXSourcesBuildPhase;
			buildActionMask = 2147483647;
			files = (
				EC73B54221AE714100A2F47B /* UIViewFrameExtension.swift in Sources */,
				ECB1789A21ABF261006CBDB6 /* NRefreshProtocol.swift in Sources */,
				EC55C67B219E993A00168282 /* NCacheManager.swift in Sources */,
				ECB1789821ABC915006CBDB6 /* NRfreshViewAnimator.swift in Sources */,
				ECB1789221ABC41D006CBDB6 /* UIScorllViewExtention.swift in Sources */,
				ECB1789421ABC45F006CBDB6 /* NNest.swift in Sources */,
				EC55C677219E93AC00168282 /* NModel.swift in Sources */,
				ECB1789621ABC4D2006CBDB6 /* NRefreshView.swift in Sources */,
				ECD5D793219A9D04006A5C47 /* NHttpManager.swift in Sources */,
			);
			runOnlyForDeploymentPostprocessing = 0;
		};
/* End PBXSourcesBuildPhase section */

/* Begin PBXTargetDependency section */
		ECF3D52B219D93AD00ECCA2C /* PBXTargetDependency */ = {
			isa = PBXTargetDependency;
			target = ECFEE8B221953A2E00D8B346 /* Nests */;
			targetProxy = ECF3D52A219D93AD00ECCA2C /* PBXContainerItemProxy */;
		};
/* End PBXTargetDependency section */

/* Begin XCBuildConfiguration section */
		ECF3D50D219D73CF00ECCA2C /* Debug */ = {
			isa = XCBuildConfiguration;
			baseConfigurationReference = F41846F338E95B3BBA43DE02 /* Pods-NestsDemo.debug.xcconfig */;
			buildSettings = {
				ALWAYS_EMBED_SWIFT_STANDARD_LIBRARIES = YES;
				ASSETCATALOG_COMPILER_APPICON_NAME = AppIcon;
				CODE_SIGN_STYLE = Automatic;
				DEVELOPMENT_TEAM = 57ZK8687SF;
				FRAMEWORK_SEARCH_PATHS = (
					"$(inherited)",
					"$(PROJECT_DIR)",
				);
				INFOPLIST_FILE = NestsDemo/Info.plist;
				IPHONEOS_DEPLOYMENT_TARGET = 8.0;
				LD_RUNPATH_SEARCH_PATHS = (
					"$(inherited)",
					"@executable_path/Frameworks",
				);
				PRODUCT_BUNDLE_IDENTIFIER = com.taihao.NestsDemo;
				PRODUCT_NAME = "$(TARGET_NAME)";
				SWIFT_VERSION = 4.2;
				TARGETED_DEVICE_FAMILY = "1,2";
			};
			name = Debug;
		};
		ECF3D50E219D73CF00ECCA2C /* Release */ = {
			isa = XCBuildConfiguration;
			baseConfigurationReference = BF66D75CBE7ACBBE746E89E3 /* Pods-NestsDemo.release.xcconfig */;
			buildSettings = {
				ALWAYS_EMBED_SWIFT_STANDARD_LIBRARIES = YES;
				ASSETCATALOG_COMPILER_APPICON_NAME = AppIcon;
				CODE_SIGN_STYLE = Automatic;
				DEVELOPMENT_TEAM = 57ZK8687SF;
				FRAMEWORK_SEARCH_PATHS = (
					"$(inherited)",
					"$(PROJECT_DIR)",
				);
				INFOPLIST_FILE = NestsDemo/Info.plist;
				IPHONEOS_DEPLOYMENT_TARGET = 8.0;
				LD_RUNPATH_SEARCH_PATHS = (
					"$(inherited)",
					"@executable_path/Frameworks",
				);
				PRODUCT_BUNDLE_IDENTIFIER = com.taihao.NestsDemo;
				PRODUCT_NAME = "$(TARGET_NAME)";
				SWIFT_VERSION = 4.2;
				TARGETED_DEVICE_FAMILY = "1,2";
			};
			name = Release;
		};
		ECFEE8B921953A2E00D8B346 /* Debug */ = {
			isa = XCBuildConfiguration;
			buildSettings = {
				ALWAYS_SEARCH_USER_PATHS = NO;
				CLANG_ANALYZER_NONNULL = YES;
				CLANG_ANALYZER_NUMBER_OBJECT_CONVERSION = YES_AGGRESSIVE;
				CLANG_CXX_LANGUAGE_STANDARD = "gnu++14";
				CLANG_CXX_LIBRARY = "libc++";
				CLANG_ENABLE_MODULES = YES;
				CLANG_ENABLE_OBJC_ARC = YES;
				CLANG_ENABLE_OBJC_WEAK = YES;
				CLANG_WARN_BLOCK_CAPTURE_AUTORELEASING = YES;
				CLANG_WARN_BOOL_CONVERSION = YES;
				CLANG_WARN_COMMA = YES;
				CLANG_WARN_CONSTANT_CONVERSION = YES;
				CLANG_WARN_DEPRECATED_OBJC_IMPLEMENTATIONS = YES;
				CLANG_WARN_DIRECT_OBJC_ISA_USAGE = YES_ERROR;
				CLANG_WARN_DOCUMENTATION_COMMENTS = YES;
				CLANG_WARN_EMPTY_BODY = YES;
				CLANG_WARN_ENUM_CONVERSION = YES;
				CLANG_WARN_INFINITE_RECURSION = YES;
				CLANG_WARN_INT_CONVERSION = YES;
				CLANG_WARN_NON_LITERAL_NULL_CONVERSION = YES;
				CLANG_WARN_OBJC_IMPLICIT_RETAIN_SELF = YES;
				CLANG_WARN_OBJC_LITERAL_CONVERSION = YES;
				CLANG_WARN_OBJC_ROOT_CLASS = YES_ERROR;
				CLANG_WARN_RANGE_LOOP_ANALYSIS = YES;
				CLANG_WARN_STRICT_PROTOTYPES = YES;
				CLANG_WARN_SUSPICIOUS_MOVE = YES;
				CLANG_WARN_UNGUARDED_AVAILABILITY = YES_AGGRESSIVE;
				CLANG_WARN_UNREACHABLE_CODE = YES;
				CLANG_WARN__DUPLICATE_METHOD_MATCH = YES;
				CODE_SIGN_IDENTITY = "iPhone Developer";
				COPY_PHASE_STRIP = NO;
				CURRENT_PROJECT_VERSION = 1;
				DEBUG_INFORMATION_FORMAT = dwarf;
				ENABLE_STRICT_OBJC_MSGSEND = YES;
				ENABLE_TESTABILITY = YES;
				GCC_C_LANGUAGE_STANDARD = gnu11;
				GCC_DYNAMIC_NO_PIC = NO;
				GCC_NO_COMMON_BLOCKS = YES;
				GCC_OPTIMIZATION_LEVEL = 0;
				GCC_PREPROCESSOR_DEFINITIONS = (
					"DEBUG=1",
					"$(inherited)",
				);
				GCC_WARN_64_TO_32_BIT_CONVERSION = YES;
				GCC_WARN_ABOUT_RETURN_TYPE = YES_ERROR;
				GCC_WARN_UNDECLARED_SELECTOR = YES;
				GCC_WARN_UNINITIALIZED_AUTOS = YES_AGGRESSIVE;
				GCC_WARN_UNUSED_FUNCTION = YES;
				GCC_WARN_UNUSED_VARIABLE = YES;
				IPHONEOS_DEPLOYMENT_TARGET = 12.1;
				MTL_ENABLE_DEBUG_INFO = INCLUDE_SOURCE;
				MTL_FAST_MATH = YES;
				ONLY_ACTIVE_ARCH = YES;
				SDKROOT = iphoneos;
				SWIFT_ACTIVE_COMPILATION_CONDITIONS = DEBUG;
				SWIFT_OPTIMIZATION_LEVEL = "-Onone";
				VERSIONING_SYSTEM = "apple-generic";
				VERSION_INFO_PREFIX = "";
			};
			name = Debug;
		};
		ECFEE8BA21953A2E00D8B346 /* Release */ = {
			isa = XCBuildConfiguration;
			buildSettings = {
				ALWAYS_SEARCH_USER_PATHS = NO;
				CLANG_ANALYZER_NONNULL = YES;
				CLANG_ANALYZER_NUMBER_OBJECT_CONVERSION = YES_AGGRESSIVE;
				CLANG_CXX_LANGUAGE_STANDARD = "gnu++14";
				CLANG_CXX_LIBRARY = "libc++";
				CLANG_ENABLE_MODULES = YES;
				CLANG_ENABLE_OBJC_ARC = YES;
				CLANG_ENABLE_OBJC_WEAK = YES;
				CLANG_WARN_BLOCK_CAPTURE_AUTORELEASING = YES;
				CLANG_WARN_BOOL_CONVERSION = YES;
				CLANG_WARN_COMMA = YES;
				CLANG_WARN_CONSTANT_CONVERSION = YES;
				CLANG_WARN_DEPRECATED_OBJC_IMPLEMENTATIONS = YES;
				CLANG_WARN_DIRECT_OBJC_ISA_USAGE = YES_ERROR;
				CLANG_WARN_DOCUMENTATION_COMMENTS = YES;
				CLANG_WARN_EMPTY_BODY = YES;
				CLANG_WARN_ENUM_CONVERSION = YES;
				CLANG_WARN_INFINITE_RECURSION = YES;
				CLANG_WARN_INT_CONVERSION = YES;
				CLANG_WARN_NON_LITERAL_NULL_CONVERSION = YES;
				CLANG_WARN_OBJC_IMPLICIT_RETAIN_SELF = YES;
				CLANG_WARN_OBJC_LITERAL_CONVERSION = YES;
				CLANG_WARN_OBJC_ROOT_CLASS = YES_ERROR;
				CLANG_WARN_RANGE_LOOP_ANALYSIS = YES;
				CLANG_WARN_STRICT_PROTOTYPES = YES;
				CLANG_WARN_SUSPICIOUS_MOVE = YES;
				CLANG_WARN_UNGUARDED_AVAILABILITY = YES_AGGRESSIVE;
				CLANG_WARN_UNREACHABLE_CODE = YES;
				CLANG_WARN__DUPLICATE_METHOD_MATCH = YES;
				CODE_SIGN_IDENTITY = "iPhone Developer";
				COPY_PHASE_STRIP = NO;
				CURRENT_PROJECT_VERSION = 1;
				DEBUG_INFORMATION_FORMAT = "dwarf-with-dsym";
				ENABLE_NS_ASSERTIONS = NO;
				ENABLE_STRICT_OBJC_MSGSEND = YES;
				GCC_C_LANGUAGE_STANDARD = gnu11;
				GCC_NO_COMMON_BLOCKS = YES;
				GCC_WARN_64_TO_32_BIT_CONVERSION = YES;
				GCC_WARN_ABOUT_RETURN_TYPE = YES_ERROR;
				GCC_WARN_UNDECLARED_SELECTOR = YES;
				GCC_WARN_UNINITIALIZED_AUTOS = YES_AGGRESSIVE;
				GCC_WARN_UNUSED_FUNCTION = YES;
				GCC_WARN_UNUSED_VARIABLE = YES;
				IPHONEOS_DEPLOYMENT_TARGET = 12.1;
				MTL_ENABLE_DEBUG_INFO = NO;
				MTL_FAST_MATH = YES;
				SDKROOT = iphoneos;
				SWIFT_COMPILATION_MODE = wholemodule;
				SWIFT_OPTIMIZATION_LEVEL = "-O";
				VALIDATE_PRODUCT = YES;
				VERSIONING_SYSTEM = "apple-generic";
				VERSION_INFO_PREFIX = "";
			};
			name = Release;
		};
		ECFEE8BC21953A2E00D8B346 /* Debug */ = {
			isa = XCBuildConfiguration;
			baseConfigurationReference = 19C11B9F0526877355EC6E07 /* Pods-Nests.debug.xcconfig */;
			buildSettings = {
				CLANG_ENABLE_MODULES = YES;
				CODE_SIGN_IDENTITY = "";
				CODE_SIGN_STYLE = Automatic;
				DEFINES_MODULE = YES;
				DEVELOPMENT_TEAM = 57ZK8687SF;
				DYLIB_COMPATIBILITY_VERSION = 1;
				DYLIB_CURRENT_VERSION = 1;
				DYLIB_INSTALL_NAME_BASE = "@rpath";
				INFOPLIST_FILE = Nests/Info.plist;
				INSTALL_PATH = "$(LOCAL_LIBRARY_DIR)/Frameworks";
				IPHONEOS_DEPLOYMENT_TARGET = 8.0;
				LD_RUNPATH_SEARCH_PATHS = (
					"$(inherited)",
					"@executable_path/Frameworks",
					"@loader_path/Frameworks",
				);
				PRODUCT_BUNDLE_IDENTIFIER = com.taihao.Nests;
				PRODUCT_NAME = "$(TARGET_NAME:c99extidentifier)";
				SKIP_INSTALL = YES;
				SWIFT_OPTIMIZATION_LEVEL = "-Onone";
				SWIFT_VERSION = 4.2;
				TARGETED_DEVICE_FAMILY = "1,2";
			};
			name = Debug;
		};
		ECFEE8BD21953A2E00D8B346 /* Release */ = {
			isa = XCBuildConfiguration;
			baseConfigurationReference = B6EEF665184EBB92040A6B44 /* Pods-Nests.release.xcconfig */;
			buildSettings = {
				CLANG_ENABLE_MODULES = YES;
				CODE_SIGN_IDENTITY = "";
				CODE_SIGN_STYLE = Automatic;
				DEFINES_MODULE = YES;
				DEVELOPMENT_TEAM = 57ZK8687SF;
				DYLIB_COMPATIBILITY_VERSION = 1;
				DYLIB_CURRENT_VERSION = 1;
				DYLIB_INSTALL_NAME_BASE = "@rpath";
				INFOPLIST_FILE = Nests/Info.plist;
				INSTALL_PATH = "$(LOCAL_LIBRARY_DIR)/Frameworks";
				IPHONEOS_DEPLOYMENT_TARGET = 8.0;
				LD_RUNPATH_SEARCH_PATHS = (
					"$(inherited)",
					"@executable_path/Frameworks",
					"@loader_path/Frameworks",
				);
				PRODUCT_BUNDLE_IDENTIFIER = com.taihao.Nests;
				PRODUCT_NAME = "$(TARGET_NAME:c99extidentifier)";
				SKIP_INSTALL = YES;
				SWIFT_VERSION = 4.2;
				TARGETED_DEVICE_FAMILY = "1,2";
			};
			name = Release;
		};
/* End XCBuildConfiguration section */

/* Begin XCConfigurationList section */
		ECF3D50F219D73CF00ECCA2C /* Build configuration list for PBXNativeTarget "NestsDemo" */ = {
			isa = XCConfigurationList;
			buildConfigurations = (
				ECF3D50D219D73CF00ECCA2C /* Debug */,
				ECF3D50E219D73CF00ECCA2C /* Release */,
			);
			defaultConfigurationIsVisible = 0;
			defaultConfigurationName = Release;
		};
		ECFEE8AD21953A2E00D8B346 /* Build configuration list for PBXProject "Nests" */ = {
			isa = XCConfigurationList;
			buildConfigurations = (
				ECFEE8B921953A2E00D8B346 /* Debug */,
				ECFEE8BA21953A2E00D8B346 /* Release */,
			);
			defaultConfigurationIsVisible = 0;
			defaultConfigurationName = Release;
		};
		ECFEE8BB21953A2E00D8B346 /* Build configuration list for PBXNativeTarget "Nests" */ = {
			isa = XCConfigurationList;
			buildConfigurations = (
				ECFEE8BC21953A2E00D8B346 /* Debug */,
				ECFEE8BD21953A2E00D8B346 /* Release */,
			);
			defaultConfigurationIsVisible = 0;
			defaultConfigurationName = Release;
		};
/* End XCConfigurationList section */
	};
	rootObject = ECFEE8AA21953A2E00D8B346 /* Project object */;
}
